{
  "name": "illy",
  "version": "1.0.0",
  "lockfileVersion": 3,
  "requires": true,
  "packages": {
    "": {
      "name": "illy",
      "version": "1.0.0",
      "dependencies": {
        "@picovoice/porcupine-node": "^4.0.1",
        "@picovoice/pvrecorder-node": "^1.2.8",
        "text-to-speech-js": "^1.1.11"
      }
    },
    "node_modules/@picovoice/porcupine-node": {
      "version": "4.0.1",
      "resolved": "https://registry.npmjs.org/@picovoice/porcupine-node/-/porcupine-node-4.0.1.tgz",
      "integrity": "sha512-k5sEGIkt6AmuEx+94MCSmgPbcrbJ1F2Pf2TCN3aHeP4WFUpqfB0s3AE0jJTp/S9SmjAV7ORSmlF38yYFV6YxPg==",
      "cpu": [
        "!ia32",
        "!mips",
        "!ppc",
        "!ppc64"
      ],
      "license": "Apache-2.0",
      "engines": {
        "node": ">=18.0.0"
      }
    },
    "node_modules/@picovoice/pvrecorder-node": {
      "version": "1.2.8",
      "resolved": "https://registry.npmjs.org/@picovoice/pvrecorder-node/-/pvrecorder-node-1.2.8.tgz",
      "integrity": "sha512-dbLJlplQQNRkM2ja/hP4sRADGDILuJ54dEf8cU5eULeNrddxXvOtE8IiJ5F2VhhbXmIv3Qmn79DqhttCOxjH8Q==",
      "license": "Apache-2.0",
      "engines": {
        "node": ">=18.0.0"
      }
    },
    "node_modules/text-to-speech-js": {
      "version": "1.1.11",
      "resolved": "https://registry.npmjs.org/text-to-speech-js/-/text-to-speech-js-1.1.11.tgz",
      "integrity": "sha512-yksR2quczHbLKk/BTC4vyzOqwr9SeHSQwIVZbo4BX2Pt1Xq97Vg5oIhiRNy5v54hMF3RhLcqGPLOKlvjPHuXWQ==",
      "license": "MIT"
    }
  }
}
